// !$*UTF8*$!
{
	archiveVersion = 1;
	classes = {
	};
	objectVersion = 50;
	objects = {

/* Begin PBXBuildFile section */
		3C2A6E0F2508C475005995CA /* FilterOperations.swift in Sources */ = {isa = PBXBuildFile; fileRef = 3C2A6E0E2508C475005995CA /* FilterOperations.swift */; };
		3C2A6E112508C48E005995CA /* FilterOperationTypes.swift in Sources */ = {isa = PBXBuildFile; fileRef = 3C2A6E102508C48E005995CA /* FilterOperationTypes.swift */; };
		3C71EA5424FF8C9C003F9D68 /* GPUImage.framework in Frameworks */ = {isa = PBXBuildFile; fileRef = 3C71EA4E24FF8C8F003F9D68 /* GPUImage.framework */; };
		3C71EA5624FF8CAC003F9D68 /* GPUImage.framework in CopyFiles */ = {isa = PBXBuildFile; fileRef = 3C71EA4E24FF8C8F003F9D68 /* GPUImage.framework */; settings = {ATTRIBUTES = (CodeSignOnCopy, RemoveHeadersOnCopy, ); }; };
		3C8D8F1B24F37B6400076E16 /* FilterManager.swift in Sources */ = {isa = PBXBuildFile; fileRef = 3C8D8F1A24F37B6400076E16 /* FilterManager.swift */; };
		3C8D8F5124F4A8F400076E16 /* FilterCollection.swift in Sources */ = {isa = PBXBuildFile; fileRef = 3C8D8F5024F4A8F400076E16 /* FilterCollection.swift */; };
		3C8D8F5324F4A90900076E16 /* FilterCollection.xib in Resources */ = {isa = PBXBuildFile; fileRef = 3C8D8F5224F4A90900076E16 /* FilterCollection.xib */; };
		3C8D8F5A24F4C42400076E16 /* FilterCollectionViewCell.swift in Sources */ = {isa = PBXBuildFile; fileRef = 3C8D8F5824F4C42400076E16 /* FilterCollectionViewCell.swift */; };
		3C8D8F5B24F4C42400076E16 /* FilterCollectionViewCell.xib in Resources */ = {isa = PBXBuildFile; fileRef = 3C8D8F5924F4C42400076E16 /* FilterCollectionViewCell.xib */; };
		3C9779D324EE503500A70940 /* CameraManager.swift in Sources */ = {isa = PBXBuildFile; fileRef = 3C9779D224EE503500A70940 /* CameraManager.swift */; };
		4D74EB1724B34EA9002A8D98 /* PhotoViewController.swift in Sources */ = {isa = PBXBuildFile; fileRef = 4D74EB1624B34EA9002A8D98 /* PhotoViewController.swift */; };
		4D74EB1B24B366B9002A8D98 /* Extension+CameraViewController.swift in Sources */ = {isa = PBXBuildFile; fileRef = 4D74EB1A24B366B9002A8D98 /* Extension+CameraViewController.swift */; };
		9430CFA222756AF800E50FA8 /* AppDelegate.swift in Sources */ = {isa = PBXBuildFile; fileRef = 9430CFA122756AF800E50FA8 /* AppDelegate.swift */; };
		9430CFA422756AF800E50FA8 /* CameraViewController.swift in Sources */ = {isa = PBXBuildFile; fileRef = 9430CFA322756AF800E50FA8 /* CameraViewController.swift */; };
		9430CFA722756AF800E50FA8 /* Main.storyboard in Resources */ = {isa = PBXBuildFile; fileRef = 9430CFA522756AF800E50FA8 /* Main.storyboard */; };
		9430CFA922756AF900E50FA8 /* Assets.xcassets in Resources */ = {isa = PBXBuildFile; fileRef = 9430CFA822756AF900E50FA8 /* Assets.xcassets */; };
		9430CFAC22756AF900E50FA8 /* LaunchScreen.storyboard in Resources */ = {isa = PBXBuildFile; fileRef = 9430CFAA22756AF900E50FA8 /* LaunchScreen.storyboard */; };
/* End PBXBuildFile section */

/* Begin PBXContainerItemProxy section */
		3C71EA4D24FF8C8F003F9D68 /* PBXContainerItemProxy */ = {
			isa = PBXContainerItemProxy;
			containerPortal = 3C71EA4824FF8C8F003F9D68 /* GPUImage.xcodeproj */;
			proxyType = 2;
			remoteGlobalIDString = BCE0BE7C20D6DE610006E120;
			remoteInfo = GPUImage_iOS;
		};
		3C71EA4F24FF8C8F003F9D68 /* PBXContainerItemProxy */ = {
			isa = PBXContainerItemProxy;
			containerPortal = 3C71EA4824FF8C8F003F9D68 /* GPUImage.xcodeproj */;
			proxyType = 2;
			remoteGlobalIDString = BCE0BE8C20D6E2B80006E120;
			remoteInfo = GPUImage_macOS;
		};
		3C71EA5124FF8C96003F9D68 /* PBXContainerItemProxy */ = {
			isa = PBXContainerItemProxy;
			containerPortal = 3C71EA4824FF8C8F003F9D68 /* GPUImage.xcodeproj */;
			proxyType = 1;
			remoteGlobalIDString = BCE0BE7B20D6DE610006E120;
			remoteInfo = GPUImage_iOS;
		};
/* End PBXContainerItemProxy section */

/* Begin PBXCopyFilesBuildPhase section */
		3C71EA5524FF8C9F003F9D68 /* CopyFiles */ = {
			isa = PBXCopyFilesBuildPhase;
			buildActionMask = 2147483647;
			dstPath = "";
			dstSubfolderSpec = 10;
			files = (
				3C71EA5624FF8CAC003F9D68 /* GPUImage.framework in CopyFiles */,
			);
			runOnlyForDeploymentPostprocessing = 0;
		};
/* End PBXCopyFilesBuildPhase section */

/* Begin PBXFileReference section */
		3C2A6E0E2508C475005995CA /* FilterOperations.swift */ = {isa = PBXFileReference; lastKnownFileType = sourcecode.swift; path = FilterOperations.swift; sourceTree = "<group>"; };
		3C2A6E102508C48E005995CA /* FilterOperationTypes.swift */ = {isa = PBXFileReference; lastKnownFileType = sourcecode.swift; path = FilterOperationTypes.swift; sourceTree = "<group>"; };
		3C71EA4824FF8C8F003F9D68 /* GPUImage.xcodeproj */ = {isa = PBXFileReference; lastKnownFileType = "wrapper.pb-project"; name = GPUImage.xcodeproj; path = ../GPUImage3/framework/GPUImage.xcodeproj; sourceTree = "<group>"; };
		3C8D8F1A24F37B6400076E16 /* FilterManager.swift */ = {isa = PBXFileReference; lastKnownFileType = sourcecode.swift; path = FilterManager.swift; sourceTree = "<group>"; };
		3C8D8F5024F4A8F400076E16 /* FilterCollection.swift */ = {isa = PBXFileReference; lastKnownFileType = sourcecode.swift; path = FilterCollection.swift; sourceTree = "<group>"; };
		3C8D8F5224F4A90900076E16 /* FilterCollection.xib */ = {isa = PBXFileReference; lastKnownFileType = file.xib; path = FilterCollection.xib; sourceTree = "<group>"; };
		3C8D8F5824F4C42400076E16 /* FilterCollectionViewCell.swift */ = {isa = PBXFileReference; lastKnownFileType = sourcecode.swift; path = FilterCollectionViewCell.swift; sourceTree = "<group>"; };
		3C8D8F5924F4C42400076E16 /* FilterCollectionViewCell.xib */ = {isa = PBXFileReference; lastKnownFileType = file.xib; path = FilterCollectionViewCell.xib; sourceTree = "<group>"; };
		3C9779D224EE503500A70940 /* CameraManager.swift */ = {isa = PBXFileReference; lastKnownFileType = sourcecode.swift; path = CameraManager.swift; sourceTree = "<group>"; };
		4D74EB1624B34EA9002A8D98 /* PhotoViewController.swift */ = {isa = PBXFileReference; lastKnownFileType = sourcecode.swift; path = PhotoViewController.swift; sourceTree = "<group>"; };
		4D74EB1A24B366B9002A8D98 /* Extension+CameraViewController.swift */ = {isa = PBXFileReference; lastKnownFileType = sourcecode.swift; path = "Extension+CameraViewController.swift"; sourceTree = "<group>"; };
		9430CF9E22756AF800E50FA8 /* FullScreenCamera.app */ = {isa = PBXFileReference; explicitFileType = wrapper.application; includeInIndex = 0; path = FullScreenCamera.app; sourceTree = BUILT_PRODUCTS_DIR; };
		9430CFA122756AF800E50FA8 /* AppDelegate.swift */ = {isa = PBXFileReference; lastKnownFileType = sourcecode.swift; path = AppDelegate.swift; sourceTree = "<group>"; };
		9430CFA322756AF800E50FA8 /* CameraViewController.swift */ = {isa = PBXFileReference; lastKnownFileType = sourcecode.swift; path = CameraViewController.swift; sourceTree = "<group>"; };
		9430CFA622756AF800E50FA8 /* Base */ = {isa = PBXFileReference; lastKnownFileType = file.storyboard; name = Base; path = Base.lproj/Main.storyboard; sourceTree = "<group>"; };
		9430CFA822756AF900E50FA8 /* Assets.xcassets */ = {isa = PBXFileReference; lastKnownFileType = folder.assetcatalog; path = Assets.xcassets; sourceTree = "<group>"; };
		9430CFAB22756AF900E50FA8 /* Base */ = {isa = PBXFileReference; lastKnownFileType = file.storyboard; name = Base; path = Base.lproj/LaunchScreen.storyboard; sourceTree = "<group>"; };
		9430CFAD22756AF900E50FA8 /* Info.plist */ = {isa = PBXFileReference; lastKnownFileType = text.plist.xml; path = Info.plist; sourceTree = "<group>"; };
/* End PBXFileReference section */

/* Begin PBXFrameworksBuildPhase section */
		9430CF9B22756AF800E50FA8 /* Frameworks */ = {
			isa = PBXFrameworksBuildPhase;
			buildActionMask = 2147483647;
			files = (
				3C71EA5424FF8C9C003F9D68 /* GPUImage.framework in Frameworks */,
			);
			runOnlyForDeploymentPostprocessing = 0;
		};
/* End PBXFrameworksBuildPhase section */

/* Begin PBXGroup section */
		3C2A6E0D2508C451005995CA /* Operations */ = {
			isa = PBXGroup;
			children = (
				3C2A6E0E2508C475005995CA /* FilterOperations.swift */,
				3C2A6E102508C48E005995CA /* FilterOperationTypes.swift */,
			);
			path = Operations;
			sourceTree = "<group>";
		};
		3C71EA4924FF8C8F003F9D68 /* Products */ = {
			isa = PBXGroup;
			children = (
				3C71EA4E24FF8C8F003F9D68 /* GPUImage.framework */,
				3C71EA5024FF8C8F003F9D68 /* GPUImage.framework */,
			);
			name = Products;
			sourceTree = "<group>";
		};
		3C71EA5324FF8C9C003F9D68 /* Frameworks */ = {
			isa = PBXGroup;
			children = (
			);
			name = Frameworks;
			sourceTree = "<group>";
		};
		3C8D8F4124F3A45A00076E16 /* Filter */ = {
			isa = PBXGroup;
			children = (
				3C8D8F1A24F37B6400076E16 /* FilterManager.swift */,
				3C8D8F5024F4A8F400076E16 /* FilterCollection.swift */,
				3C8D8F5224F4A90900076E16 /* FilterCollection.xib */,
				3C8D8F5824F4C42400076E16 /* FilterCollectionViewCell.swift */,
				3C8D8F5924F4C42400076E16 /* FilterCollectionViewCell.xib */,
			);
			path = Filter;
			sourceTree = "<group>";
		};
		4D74EB1824B34EB0002A8D98 /* Main */ = {
			isa = PBXGroup;
			children = (
				3C8D8F4124F3A45A00076E16 /* Filter */,
				9430CFA322756AF800E50FA8 /* CameraViewController.swift */,
				3C9779D224EE503500A70940 /* CameraManager.swift */,
				4D74EB1A24B366B9002A8D98 /* Extension+CameraViewController.swift */,
			);
			path = Main;
			sourceTree = "<group>";
		};
		4D74EB1924B34EC3002A8D98 /* Photo */ = {
			isa = PBXGroup;
			children = (
				4D74EB1624B34EA9002A8D98 /* PhotoViewController.swift */,
			);
			path = Photo;
			sourceTree = "<group>";
		};
		9430CF9522756AF800E50FA8 = {
			isa = PBXGroup;
			children = (
				3C71EA4824FF8C8F003F9D68 /* GPUImage.xcodeproj */,
				9430CFA022756AF800E50FA8 /* FullScreenCamera */,
				9430CF9F22756AF800E50FA8 /* Products */,
				3C71EA5324FF8C9C003F9D68 /* Frameworks */,
			);
			sourceTree = "<group>";
		};
		9430CF9F22756AF800E50FA8 /* Products */ = {
			isa = PBXGroup;
			children = (
				9430CF9E22756AF800E50FA8 /* FullScreenCamera.app */,
			);
			name = Products;
			sourceTree = "<group>";
		};
		9430CFA022756AF800E50FA8 /* FullScreenCamera */ = {
			isa = PBXGroup;
			children = (
				3C2A6E0D2508C451005995CA /* Operations */,
				4D74EB1924B34EC3002A8D98 /* Photo */,
				4D74EB1824B34EB0002A8D98 /* Main */,
				9430CFA122756AF800E50FA8 /* AppDelegate.swift */,
				9430CFA522756AF800E50FA8 /* Main.storyboard */,
				9430CFA822756AF900E50FA8 /* Assets.xcassets */,
				9430CFAA22756AF900E50FA8 /* LaunchScreen.storyboard */,
				9430CFAD22756AF900E50FA8 /* Info.plist */,
			);
			path = FullScreenCamera;
			sourceTree = "<group>";
		};
/* End PBXGroup section */

/* Begin PBXNativeTarget section */
		9430CF9D22756AF800E50FA8 /* FullScreenCamera */ = {
			isa = PBXNativeTarget;
			buildConfigurationList = 9430CFB022756AF900E50FA8 /* Build configuration list for PBXNativeTarget "FullScreenCamera" */;
			buildPhases = (
				9430CF9A22756AF800E50FA8 /* Sources */,
				9430CF9B22756AF800E50FA8 /* Frameworks */,
				9430CF9C22756AF800E50FA8 /* Resources */,
				3C71EA5524FF8C9F003F9D68 /* CopyFiles */,
			);
			buildRules = (
			);
			dependencies = (
				3C71EA5224FF8C96003F9D68 /* PBXTargetDependency */,
			);
			name = FullScreenCamera;
			productName = FullScreenCamera;
			productReference = 9430CF9E22756AF800E50FA8 /* FullScreenCamera.app */;
			productType = "com.apple.product-type.application";
		};
/* End PBXNativeTarget section */

/* Begin PBXProject section */
		9430CF9622756AF800E50FA8 /* Project object */ = {
			isa = PBXProject;
			attributes = {
				LastSwiftUpdateCheck = 1020;
				LastUpgradeCheck = 1020;
				ORGANIZATIONNAME = com.jinhyang;
				TargetAttributes = {
					9430CF9D22756AF800E50FA8 = {
						CreatedOnToolsVersion = 10.2;
					};
				};
			};
			buildConfigurationList = 9430CF9922756AF800E50FA8 /* Build configuration list for PBXProject "FullScreenCamera" */;
			compatibilityVersion = "Xcode 9.3";
			developmentRegion = en;
			hasScannedForEncodings = 0;
			knownRegions = (
				en,
				Base,
			);
			mainGroup = 9430CF9522756AF800E50FA8;
			productRefGroup = 9430CF9F22756AF800E50FA8 /* Products */;
			projectDirPath = "";
			projectReferences = (
				{
					ProductGroup = 3C71EA4924FF8C8F003F9D68 /* Products */;
					ProjectRef = 3C71EA4824FF8C8F003F9D68 /* GPUImage.xcodeproj */;
				},
			);
			projectRoot = "";
			targets = (
				9430CF9D22756AF800E50FA8 /* FullScreenCamera */,
			);
		};
/* End PBXProject section */

/* Begin PBXReferenceProxy section */
		3C71EA4E24FF8C8F003F9D68 /* GPUImage.framework */ = {
			isa = PBXReferenceProxy;
			fileType = wrapper.framework;
			path = GPUImage.framework;
			remoteRef = 3C71EA4D24FF8C8F003F9D68 /* PBXContainerItemProxy */;
			sourceTree = BUILT_PRODUCTS_DIR;
		};
		3C71EA5024FF8C8F003F9D68 /* GPUImage.framework */ = {
			isa = PBXReferenceProxy;
			fileType = wrapper.framework;
			path = GPUImage.framework;
			remoteRef = 3C71EA4F24FF8C8F003F9D68 /* PBXContainerItemProxy */;
			sourceTree = BUILT_PRODUCTS_DIR;
		};
/* End PBXReferenceProxy section */

/* Begin PBXResourcesBuildPhase section */
		9430CF9C22756AF800E50FA8 /* Resources */ = {
			isa = PBXResourcesBuildPhase;
			buildActionMask = 2147483647;
			files = (
				9430CFAC22756AF900E50FA8 /* LaunchScreen.storyboard in Resources */,
				3C8D8F5B24F4C42400076E16 /* FilterCollectionViewCell.xib in Resources */,
				9430CFA922756AF900E50FA8 /* Assets.xcassets in Resources */,
				9430CFA722756AF800E50FA8 /* Main.storyboard in Resources */,
				3C8D8F5324F4A90900076E16 /* FilterCollection.xib in Resources */,
			);
			runOnlyForDeploymentPostprocessing = 0;
		};
/* End PBXResourcesBuildPhase section */

/* Begin PBXSourcesBuildPhase section */
		9430CF9A22756AF800E50FA8 /* Sources */ = {
			isa = PBXSourcesBuildPhase;
			buildActionMask = 2147483647;
			files = (
				3C8D8F1B24F37B6400076E16 /* FilterManager.swift in Sources */,
				3C8D8F5A24F4C42400076E16 /* FilterCollectionViewCell.swift in Sources */,
				9430CFA422756AF800E50FA8 /* CameraViewController.swift in Sources */,
				3C2A6E112508C48E005995CA /* FilterOperationTypes.swift in Sources */,
				3C8D8F5124F4A8F400076E16 /* FilterCollection.swift in Sources */,
				4D74EB1724B34EA9002A8D98 /* PhotoViewController.swift in Sources */,
				3C9779D324EE503500A70940 /* CameraManager.swift in Sources */,
				3C2A6E0F2508C475005995CA /* FilterOperations.swift in Sources */,
				9430CFA222756AF800E50FA8 /* AppDelegate.swift in Sources */,
				4D74EB1B24B366B9002A8D98 /* Extension+CameraViewController.swift in Sources */,
			);
			runOnlyForDeploymentPostprocessing = 0;
		};
/* End PBXSourcesBuildPhase section */

/* Begin PBXTargetDependency section */
		3C71EA5224FF8C96003F9D68 /* PBXTargetDependency */ = {
			isa = PBXTargetDependency;
			name = GPUImage_iOS;
			targetProxy = 3C71EA5124FF8C96003F9D68 /* PBXContainerItemProxy */;
		};
/* End PBXTargetDependency section */

/* Begin PBXVariantGroup section */
		9430CFA522756AF800E50FA8 /* Main.storyboard */ = {
			isa = PBXVariantGroup;
			children = (
				9430CFA622756AF800E50FA8 /* Base */,
			);
			name = Main.storyboard;
			sourceTree = "<group>";
		};
		9430CFAA22756AF900E50FA8 /* LaunchScreen.storyboard */ = {
			isa = PBXVariantGroup;
			children = (
				9430CFAB22756AF900E50FA8 /* Base */,
			);
			name = LaunchScreen.storyboard;
			sourceTree = "<group>";
		};
/* End PBXVariantGroup section */

/* Begin XCBuildConfiguration section */
		9430CFAE22756AF900E50FA8 /* Debug */ = {
			isa = XCBuildConfiguration;
			buildSettings = {
				ALWAYS_SEARCH_USER_PATHS = NO;
				CLANG_ANALYZER_NONNULL = YES;
				CLANG_ANALYZER_NUMBER_OBJECT_CONVERSION = YES_AGGRESSIVE;
				CLANG_CXX_LANGUAGE_STANDARD = "gnu++14";
				CLANG_CXX_LIBRARY = "libc++";
				CLANG_ENABLE_MODULES = YES;
				CLANG_ENABLE_OBJC_ARC = YES;
				CLANG_ENABLE_OBJC_WEAK = YES;
				CLANG_WARN_BLOCK_CAPTURE_AUTORELEASING = YES;
				CLANG_WARN_BOOL_CONVERSION = YES;
				CLANG_WARN_COMMA = YES;
				CLANG_WARN_CONSTANT_CONVERSION = YES;
				CLANG_WARN_DEPRECATED_OBJC_IMPLEMENTATIONS = YES;
				CLANG_WARN_DIRECT_OBJC_ISA_USAGE = YES_ERROR;
				CLANG_WARN_DOCUMENTATION_COMMENTS = YES;
				CLANG_WARN_EMPTY_BODY = YES;
				CLANG_WARN_ENUM_CONVERSION = YES;
				CLANG_WARN_INFINITE_RECURSION = YES;
				CLANG_WARN_INT_CONVERSION = YES;
				CLANG_WARN_NON_LITERAL_NULL_CONVERSION = YES;
				CLANG_WARN_OBJC_IMPLICIT_RETAIN_SELF = YES;
				CLANG_WARN_OBJC_LITERAL_CONVERSION = YES;
				CLANG_WARN_OBJC_ROOT_CLASS = YES_ERROR;
				CLANG_WARN_RANGE_LOOP_ANALYSIS = YES;
				CLANG_WARN_STRICT_PROTOTYPES = YES;
				CLANG_WARN_SUSPICIOUS_MOVE = YES;
				CLANG_WARN_UNGUARDED_AVAILABILITY = YES_AGGRESSIVE;
				CLANG_WARN_UNREACHABLE_CODE = YES;
				CLANG_WARN__DUPLICATE_METHOD_MATCH = YES;
				CODE_SIGN_IDENTITY = "iPhone Developer";
				COPY_PHASE_STRIP = NO;
				DEBUG_INFORMATION_FORMAT = dwarf;
				ENABLE_STRICT_OBJC_MSGSEND = YES;
				ENABLE_TESTABILITY = YES;
				GCC_C_LANGUAGE_STANDARD = gnu11;
				GCC_DYNAMIC_NO_PIC = NO;
				GCC_NO_COMMON_BLOCKS = YES;
				GCC_OPTIMIZATION_LEVEL = 0;
				GCC_PREPROCESSOR_DEFINITIONS = (
					"DEBUG=1",
					"$(inherited)",
				);
				GCC_WARN_64_TO_32_BIT_CONVERSION = YES;
				GCC_WARN_ABOUT_RETURN_TYPE = YES_ERROR;
				GCC_WARN_UNDECLARED_SELECTOR = YES;
				GCC_WARN_UNINITIALIZED_AUTOS = YES_AGGRESSIVE;
				GCC_WARN_UNUSED_FUNCTION = YES;
				GCC_WARN_UNUSED_VARIABLE = YES;
				IPHONEOS_DEPLOYMENT_TARGET = 12.2;
				MTL_ENABLE_DEBUG_INFO = INCLUDE_SOURCE;
				MTL_FAST_MATH = YES;
				ONLY_ACTIVE_ARCH = YES;
				SDKROOT = iphoneos;
				SWIFT_ACTIVE_COMPILATION_CONDITIONS = DEBUG;
				SWIFT_OPTIMIZATION_LEVEL = "-Onone";
			};
			name = Debug;
		};
		9430CFAF22756AF900E50FA8 /* Release */ = {
			isa = XCBuildConfiguration;
			buildSettings = {
				ALWAYS_SEARCH_USER_PATHS = NO;
				CLANG_ANALYZER_NONNULL = YES;
				CLANG_ANALYZER_NUMBER_OBJECT_CONVERSION = YES_AGGRESSIVE;
				CLANG_CXX_LANGUAGE_STANDARD = "gnu++14";
				CLANG_CXX_LIBRARY = "libc++";
				CLANG_ENABLE_MODULES = YES;
				CLANG_ENABLE_OBJC_ARC = YES;
				CLANG_ENABLE_OBJC_WEAK = YES;
				CLANG_WARN_BLOCK_CAPTURE_AUTORELEASING = YES;
				CLANG_WARN_BOOL_CONVERSION = YES;
				CLANG_WARN_COMMA = YES;
				CLANG_WARN_CONSTANT_CONVERSION = YES;
				CLANG_WARN_DEPRECATED_OBJC_IMPLEMENTATIONS = YES;
				CLANG_WARN_DIRECT_OBJC_ISA_USAGE = YES_ERROR;
				CLANG_WARN_DOCUMENTATION_COMMENTS = YES;
				CLANG_WARN_EMPTY_BODY = YES;
				CLANG_WARN_ENUM_CONVERSION = YES;
				CLANG_WARN_INFINITE_RECURSION = YES;
				CLANG_WARN_INT_CONVERSION = YES;
				CLANG_WARN_NON_LITERAL_NULL_CONVERSION = YES;
				CLANG_WARN_OBJC_IMPLICIT_RETAIN_SELF = YES;
				CLANG_WARN_OBJC_LITERAL_CONVERSION = YES;
				CLANG_WARN_OBJC_ROOT_CLASS = YES_ERROR;
				CLANG_WARN_RANGE_LOOP_ANALYSIS = YES;
				CLANG_WARN_STRICT_PROTOTYPES = YES;
				CLANG_WARN_SUSPICIOUS_MOVE = YES;
				CLANG_WARN_UNGUARDED_AVAILABILITY = YES_AGGRESSIVE;
				CLANG_WARN_UNREACHABLE_CODE = YES;
				CLANG_WARN__DUPLICATE_METHOD_MATCH = YES;
				CODE_SIGN_IDENTITY = "iPhone Developer";
				COPY_PHASE_STRIP = NO;
				DEBUG_INFORMATION_FORMAT = "dwarf-with-dsym";
				ENABLE_NS_ASSERTIONS = NO;
				ENABLE_STRICT_OBJC_MSGSEND = YES;
				GCC_C_LANGUAGE_STANDARD = gnu11;
				GCC_NO_COMMON_BLOCKS = YES;
				GCC_WARN_64_TO_32_BIT_CONVERSION = YES;
				GCC_WARN_ABOUT_RETURN_TYPE = YES_ERROR;
				GCC_WARN_UNDECLARED_SELECTOR = YES;
				GCC_WARN_UNINITIALIZED_AUTOS = YES_AGGRESSIVE;
				GCC_WARN_UNUSED_FUNCTION = YES;
				GCC_WARN_UNUSED_VARIABLE = YES;
				IPHONEOS_DEPLOYMENT_TARGET = 12.2;
				MTL_ENABLE_DEBUG_INFO = NO;
				MTL_FAST_MATH = YES;
				SDKROOT = iphoneos;
				SWIFT_COMPILATION_MODE = wholemodule;
				SWIFT_OPTIMIZATION_LEVEL = "-O";
				VALIDATE_PRODUCT = YES;
			};
			name = Release;
		};
		9430CFB122756AF900E50FA8 /* Debug */ = {
			isa = XCBuildConfiguration;
			buildSettings = {
				ASSETCATALOG_COMPILER_APPICON_NAME = AppIcon;
				CODE_SIGN_STYLE = Automatic;
				DEVELOPMENT_TEAM = XH796T6N5H;
				INFOPLIST_FILE = FullScreenCamera/Info.plist;
				IPHONEOS_DEPLOYMENT_TARGET = 13.0;
				LD_RUNPATH_SEARCH_PATHS = (
					"$(inherited)",
					"@executable_path/Frameworks",
				);
				PRODUCT_BUNDLE_IDENTIFIER = com.jinhyang.FullScreenCamera;
				PRODUCT_NAME = "$(TARGET_NAME)";
				SWIFT_VERSION = 5.0;
				TARGETED_DEVICE_FAMILY = "1,2";
			};
			name = Debug;
		};
		9430CFB222756AF900E50FA8 /* Release */ = {
			isa = XCBuildConfiguration;
			buildSettings = {
				ASSETCATALOG_COMPILER_APPICON_NAME = AppIcon;
				CODE_SIGN_STYLE = Automatic;
				DEVELOPMENT_TEAM = XH796T6N5H;
				INFOPLIST_FILE = FullScreenCamera/Info.plist;
				IPHONEOS_DEPLOYMENT_TARGET = 13.0;
				LD_RUNPATH_SEARCH_PATHS = (
					"$(inherited)",
					"@executable_path/Frameworks",
				);
				PRODUCT_BUNDLE_IDENTIFIER = com.jinhyang.FullScreenCamera;
				PRODUCT_NAME = "$(TARGET_NAME)";
				SWIFT_VERSION = 5.0;
				TARGETED_DEVICE_FAMILY = "1,2";
			};
			name = Release;
		};
/* End XCBuildConfiguration section */

/* Begin XCConfigurationList section */
		9430CF9922756AF800E50FA8 /* Build configuration list for PBXProject "FullScreenCamera" */ = {
			isa = XCConfigurationList;
			buildConfigurations = (
				9430CFAE22756AF900E50FA8 /* Debug */,
				9430CFAF22756AF900E50FA8 /* Release */,
			);
			defaultConfigurationIsVisible = 0;
			defaultConfigurationName = Release;
		};
		9430CFB022756AF900E50FA8 /* Build configuration list for PBXNativeTarget "FullScreenCamera" */ = {
			isa = XCConfigurationList;
			buildConfigurations = (
				9430CFB122756AF900E50FA8 /* Debug */,
				9430CFB222756AF900E50FA8 /* Release */,
			);
			defaultConfigurationIsVisible = 0;
			defaultConfigurationName = Release;
		};
/* End XCConfigurationList section */
	};
	rootObject = 9430CF9622756AF800E50FA8 /* Project object */;
}
